
Microsoft Visual Studio Solution File, Format Version 12.00
# Visual Studio Version 17
VisualStudioVersion = 17.11.35327.3
MinimumVisualStudioVersion = 10.0.40219.1
Project("{FAE04EC0-301F-11D3-BF4B-00C04F79EFBC}") = "ConsoleApp1", "ConsoleApp1.csproj", "{EBFED4A5-C765-49A1-A5FB-B1ADDE5B5217}"
EndProject
Global
	GlobalSection(SolutionConfigurationPlatforms) = preSolution
		Debug|Any CPU = Debug|Any CPU
		Release|Any CPU = Release|Any CPU
	EndGlobalSection
	GlobalSection(ProjectConfigurationPlatforms) = postSolution
		{EBFED4A5-C765-49A1-A5FB-B1ADDE5B5217}.Debug|Any CPU.ActiveCfg = Debug|Any CPU
		{EBFED4A5-C765-49A1-A5FB-B1ADDE5B5217}.Debug|Any CPU.Build.0 = Debug|Any CPU
		{EBFED4A5-C765-49A1-A5FB-B1ADDE5B5217}.Release|Any CPU.ActiveCfg = Release|Any CPU
		{EBFED4A5-C765-49A1-A5FB-B1ADDE5B5217}.Release|Any CPU.Build.0 = Release|Any CPU
	EndGlobalSection
	GlobalSection(SolutionProperties) = preSolution
		HideSolutionNode = FALSE
	EndGlobalSection
	GlobalSection(ExtensibilityGlobals) = postSolution
		SolutionGuid = {019DDAD3-A38D-4E27-AF7A-B88D0178C8F5}
	EndGlobalSection
EndGlobal
